
Microsoft Visual Studio Solution File, Format Version 12.00
# Visual Studio 15
Project("{D954291E-2A0B-460D-934E-DC6B0785DB48}") = "XamarinPractice", "XamarinPractice\XamarinPractice.shproj", "{28B181E4-6BD5-4A5B-BF91-2974EAB0BE21}"
EndProject
Project("{FAE04EC0-301F-11D3-BF4B-00C04F79EFBC}") = "XamarinPractice.Android", "XamarinPractice.Android\XamarinPractice.Android.csproj", "{3954704F-CC16-404B-8611-39EBDEFA7BC8}"
EndProject
Global
	GlobalSection(SolutionConfigurationPlatforms) = preSolution
		Debug|Any CPU = Debug|Any CPU
		Release|Any CPU = Release|Any CPU
	EndGlobalSection
	GlobalSection(ProjectConfigurationPlatforms) = postSolution
		{3954704F-CC16-404B-8611-39EBDEFA7BC8}.Debug|Any CPU.ActiveCfg = Debug|Any CPU
		{3954704F-CC16-404B-8611-39EBDEFA7BC8}.Debug|Any CPU.Build.0 = Debug|Any CPU
		{3954704F-CC16-404B-8611-39EBDEFA7BC8}.Release|Any CPU.ActiveCfg = Release|Any CPU
		{3954704F-CC16-404B-8611-39EBDEFA7BC8}.Release|Any CPU.Build.0 = Release|Any CPU
	EndGlobalSection
EndGlobal
